
Microsoft Visual Studio Solution File, Format Version 12.00
# Visual Studio Version 16
VisualStudioVersion = 16.0.31321.278
MinimumVisualStudioVersion = 10.0.40219.1
Project("{9A19103F-16F7-4668-BE54-9A1E7A4F7556}") = "DerivcoTest", "DerivcoTest\DerivcoTest.csproj", "{951ED910-445E-4863-9071-B7EFF3FB185E}"
EndProject
Project("{FAE04EC0-301F-11D3-BF4B-00C04F79EFBC}") = "DerivcoUnitTest", "DerivcoUnitTest\DerivcoUnitTest.csproj", "{67EA5008-7220-41D3-A0F3-08877DEE146F}"
EndProject
Global
	GlobalSection(SolutionConfigurationPlatforms) = preSolution
		Debug|Any CPU = Debug|Any CPU
		Release|Any CPU = Release|Any CPU
	EndGlobalSection
	GlobalSection(ProjectConfigurationPlatforms) = postSolution
		{951ED910-445E-4863-9071-B7EFF3FB185E}.Debug|Any CPU.ActiveCfg = Debug|Any CPU
		{951ED910-445E-4863-9071-B7EFF3FB185E}.Debug|Any CPU.Build.0 = Debug|Any CPU
		{951ED910-445E-4863-9071-B7EFF3FB185E}.Release|Any CPU.ActiveCfg = Release|Any CPU
		{951ED910-445E-4863-9071-B7EFF3FB185E}.Release|Any CPU.Build.0 = Release|Any CPU
		{67EA5008-7220-41D3-A0F3-08877DEE146F}.Debug|Any CPU.ActiveCfg = Debug|Any CPU
		{67EA5008-7220-41D3-A0F3-08877DEE146F}.Debug|Any CPU.Build.0 = Debug|Any CPU
		{67EA5008-7220-41D3-A0F3-08877DEE146F}.Release|Any CPU.ActiveCfg = Release|Any CPU
		{67EA5008-7220-41D3-A0F3-08877DEE146F}.Release|Any CPU.Build.0 = Release|Any CPU
	EndGlobalSection
	GlobalSection(SolutionProperties) = preSolution
		HideSolutionNode = FALSE
	EndGlobalSection
	GlobalSection(ExtensibilityGlobals) = postSolution
		SolutionGuid = {55D8403C-6C81-4025-9790-C467AC959018}
	EndGlobalSection
EndGlobal
